Microsoft Visual Studio Solution File, Format Version 9.00
# SharpDevelop 2.1.0.1841
Project("{2150E333-8FDC-42A3-9474-1A3956D46DE8}") = "tools", "tools", "{602A7594-515D-4D6E-8269-8CE4DFCE51C2}"
	ProjectSection(SolutionItems) = postProject
	EndProjectSection
EndProject
Project("{FAE04EC0-301F-11D3-BF4B-00C04F79EFBC}") = "xsd2net", "tools\xsd2net\xsd2net.csproj", "{1CBA25BB-CC25-4A71-8FCF-F9FE540D583D}"
EndProject
Global
	GlobalSection(SolutionConfigurationPlatforms) = preSolution
		Debug|Any CPU = Debug|Any CPU
		Release|Any CPU = Release|Any CPU
	EndGlobalSection
	GlobalSection(ProjectConfigurationPlatforms) = postSolution
		{1CBA25BB-CC25-4A71-8FCF-F9FE540D583D}.Debug|Any CPU.Build.0 = Debug|Any CPU
		{1CBA25BB-CC25-4A71-8FCF-F9FE540D583D}.Debug|Any CPU.ActiveCfg = Debug|Any CPU
		{1CBA25BB-CC25-4A71-8FCF-F9FE540D583D}.Release|Any CPU.Build.0 = Release|Any CPU
		{1CBA25BB-CC25-4A71-8FCF-F9FE540D583D}.Release|Any CPU.ActiveCfg = Release|Any CPU
	EndGlobalSection
	GlobalSection(NestedProjects) = preSolution
		{1CBA25BB-CC25-4A71-8FCF-F9FE540D583D} = {602A7594-515D-4D6E-8269-8CE4DFCE51C2}
	EndGlobalSection
EndGlobal
